# @generated by Move, please check-in and do not edit manually.

[move]
version = 2
manifest_digest = "B0BD25EC805527196C73C138EC3944FBB68695DAFB2D1DFFD129D17A761D9E24"
deps_digest = "F8BBB0CCB2491CA29A3DF03D6F92277A4F3574266507ACD77214D37ECA3F3082"
dependencies = [
  { name = "Sui" },
]

[[move.package]]
name = "MoveStdlib"
source = { git = "https://github.com/MystenLabs/sui.git", rev = "framework/testnet", subdir = "crates/sui-framework/packages/move-stdlib" }

[[move.package]]
name = "Sui"
source = { git = "https://github.com/MystenLabs/sui.git", rev = "framework/testnet", subdir = "crates/sui-framework/packages/sui-framework" }

dependencies = [
  { name = "MoveStdlib" },
]

[move.toolchain-version]
compiler-version = "1.30.1"
edition = "2024.beta"
flavor = "sui"

[env]

[env.mainnet]
chain-id = "35834a8a"
original-published-id = "0xaec95a73361b2e37dac6492f7101229aee23010c855810a1f7c8c0ec204d2364"
latest-published-id = "0xaec95a73361b2e37dac6492f7101229aee23010c855810a1f7c8c0ec204d2364"
published-version = "1"

[env.testnet]
chain-id = "4c78adac"
original-published-id = "0xce2189d58919bde6cf62329fc6a26a53deb578682709fb7afc39d9d9941a62ed"
latest-published-id = "0xce2189d58919bde6cf62329fc6a26a53deb578682709fb7afc39d9d9941a62ed"
published-version = "1"
